
Microsoft Visual Studio Solution File, Format Version 12.00
# Visual Studio Version 17
VisualStudioVersion = 17.7.34024.191
MinimumVisualStudioVersion = 10.0.40219.1
Project("{FAE04EC0-301F-11D3-BF4B-00C04F79EFBC}") = "Surveys", "Surveys.csproj", "{6C73506C-79B9-459F-B54E-A31CADDA7597}"
EndProject
Global
	GlobalSection(SolutionConfigurationPlatforms) = preSolution
		Debug|Any CPU = Debug|Any CPU
		Release|Any CPU = Release|Any CPU
	EndGlobalSection
	GlobalSection(ProjectConfigurationPlatforms) = postSolution
		{6C73506C-79B9-459F-B54E-A31CADDA7597}.Debug|Any CPU.ActiveCfg = Debug|Any CPU
		{6C73506C-79B9-459F-B54E-A31CADDA7597}.Debug|Any CPU.Build.0 = Debug|Any CPU
		{6C73506C-79B9-459F-B54E-A31CADDA7597}.Release|Any CPU.ActiveCfg = Release|Any CPU
		{6C73506C-79B9-459F-B54E-A31CADDA7597}.Release|Any CPU.Build.0 = Release|Any CPU
	EndGlobalSection
	GlobalSection(SolutionProperties) = preSolution
		HideSolutionNode = FALSE
	EndGlobalSection
	GlobalSection(ExtensibilityGlobals) = postSolution
		SolutionGuid = {1555B980-8E81-4909-B743-ECFF2AAE8B5E}
	EndGlobalSection
EndGlobal
